
Microsoft Visual Studio Solution File, Format Version 12.00
# Visual Studio Version 17
VisualStudioVersion = 17.0.31903.59
MinimumVisualStudioVersion = 10.0.40219.1
Project("{2150E333-8FDC-42A3-9474-1A3956D46DE8}") = "src", "src", "{81B9C654-3B5F-4587-B481-8B3379AF0617}"
EndProject
Project("{2150E333-8FDC-42A3-9474-1A3956D46DE8}") = "BuildingBlocks", "BuildingBlocks", "{A326A5EC-9671-4D6D-8B8B-503E6D146E7A}"
EndProject
Project("{FAE04EC0-301F-11D3-BF4B-00C04F79EFBC}") = "OrderHub.Common", "src\BuildingBlocks\OrderHub.Common\OrderHub.Common.csproj", "{426E9B10-88E2-42EB-B043-C630CB78EB94}"
EndProject
Project("{2150E333-8FDC-42A3-9474-1A3956D46DE8}") = "Services", "Services", "{3051D7F1-28A4-4C08-A690-3A31023E6C64}"
EndProject
Project("{2150E333-8FDC-42A3-9474-1A3956D46DE8}") = "OrderService", "OrderService", "{60986F0E-CA8B-49F9-BA87-417BA490DEE8}"
EndProject
Project("{FAE04EC0-301F-11D3-BF4B-00C04F79EFBC}") = "OrderHub.OrderService.Domain", "src\Services\OrderService\OrderService.Domain\OrderHub.OrderService.Domain.csproj", "{AC804AE8-2D77-47E9-93EA-EBD6A1F8C315}"
EndProject
Project("{FAE04EC0-301F-11D3-BF4B-00C04F79EFBC}") = "OrderHub.OrderService.Application", "src\Services\OrderService\OrderService.Application\OrderHub.OrderService.Application.csproj", "{B7A29B22-ACF1-4893-9131-34D599BAB759}"
EndProject
Project("{FAE04EC0-301F-11D3-BF4B-00C04F79EFBC}") = "OrderHub.OrderService.Infrastructure", "src\Services\OrderService\OrderService.Infrastructure\OrderHub.OrderService.Infrastructure.csproj", "{429FDDB0-5C0B-4269-B09C-E2908FF83FF2}"
EndProject
Project("{FAE04EC0-301F-11D3-BF4B-00C04F79EFBC}") = "OrderHub.OrderService.Api", "src\Services\OrderService\OrderService.Api\OrderHub.OrderService.Api.csproj", "{437DC4E8-B3B9-4EE8-8670-52B924E97F62}"
EndProject
Project("{2150E333-8FDC-42A3-9474-1A3956D46DE8}") = "tests", "tests", "{025641F3-C2E7-43A5-8D1F-574DC19798AB}"
EndProject
Project("{FAE04EC0-301F-11D3-BF4B-00C04F79EFBC}") = "OrderHub.OrderService.UnitTests", "tests\OrderService.UnitTests\OrderHub.OrderService.UnitTests.csproj", "{1978A7DF-1159-4B83-9EE5-753499579295}"
EndProject
Project("{FAE04EC0-301F-11D3-BF4B-00C04F79EFBC}") = "OrderHub.OrderService.IntegrationTests", "tests\OrderService.IntegrationTests\OrderHub.OrderService.IntegrationTests.csproj", "{F52C2984-EBC9-4DBE-991B-CF7DA14A13A6}"
EndProject
Project("{FAE04EC0-301F-11D3-BF4B-00C04F79EFBC}") = "OrderHub.Common.UnitTests", "tests\OrderHub.Common.UnitTests\OrderHub.Common.UnitTests.csproj", "{F8ABB0CF-89F5-4F1B-B9EA-5C602A370EB4}"
EndProject
Project("{FAE04EC0-301F-11D3-BF4B-00C04F79EFBC}") = "OrderHub.EventBus", "src\BuildingBlocks\OrderHub.EventBus\OrderHub.EventBus.csproj", "{BFC8E23E-B501-4BF6-8F0C-FDCBF9BE4CA5}"
EndProject
Project("{FAE04EC0-301F-11D3-BF4B-00C04F79EFBC}") = "OrderHub.Outbox", "src\BuildingBlocks\OrderHub.Outbox\OrderHub.Outbox.csproj", "{D12B0AB3-5375-4C15-87F9-A666220360AF}"
EndProject
Project("{FAE04EC0-301F-11D3-BF4B-00C04F79EFBC}") = "OrderHub.Contracts", "src\BuildingBlocks\OrderHub.Contracts\OrderHub.Contracts.csproj", "{9924E771-6073-41C7-B499-E6780C82BE34}"
EndProject
Project("{2150E333-8FDC-42A3-9474-1A3956D46DE8}") = "PaymentService", "PaymentService", "{246CDE55-B337-4534-AC2F-27F5BBC4A964}"
EndProject
Project("{FAE04EC0-301F-11D3-BF4B-00C04F79EFBC}") = "OrderHub.PaymentService.Domain", "src\Services\PaymentService\PaymentService.Domain\OrderHub.PaymentService.Domain.csproj", "{09D0A766-D1BF-46E1-9DC1-793CD33D5C62}"
EndProject
Project("{FAE04EC0-301F-11D3-BF4B-00C04F79EFBC}") = "OrderHub.PaymentService.Application", "src\Services\PaymentService\PaymentService.Application\OrderHub.PaymentService.Application.csproj", "{810D6FF2-8759-4B36-8B79-6A1C2CFEC071}"
EndProject
Project("{FAE04EC0-301F-11D3-BF4B-00C04F79EFBC}") = "OrderHub.PaymentService.Infrastructure", "src\Services\PaymentService\PaymentService.Infrastructure\OrderHub.PaymentService.Infrastructure.csproj", "{A9F36135-AB2E-40CB-A0D5-42F31FBAAD43}"
EndProject
Project("{FAE04EC0-301F-11D3-BF4B-00C04F79EFBC}") = "OrderHub.PaymentService.Api", "src\Services\PaymentService\PaymentService.Api\OrderHub.PaymentService.Api.csproj", "{52606B93-8F0E-4C3F-AE49-8B9E83AC7909}"
EndProject
Project("{FAE04EC0-301F-11D3-BF4B-00C04F79EFBC}") = "OrderHub.PaymentService.UnitTests", "tests\PaymentService.UnitTests\OrderHub.PaymentService.UnitTests.csproj", "{86E1F5D3-A134-4147-912E-4ECC3D759E26}"
EndProject
Project("{FAE04EC0-301F-11D3-BF4B-00C04F79EFBC}") = "OrderHub.PaymentService.IntegrationTests", "tests\PaymentService.IntegrationTests\OrderHub.PaymentService.IntegrationTests.csproj", "{DBB7F3BA-23B1-4AD7-9F85-89E03D3B7DC6}"
EndProject
Global
	GlobalSection(SolutionConfigurationPlatforms) = preSolution
		Debug|Any CPU = Debug|Any CPU
		Release|Any CPU = Release|Any CPU
	EndGlobalSection
	GlobalSection(SolutionProperties) = preSolution
		HideSolutionNode = FALSE
	EndGlobalSection
	GlobalSection(ProjectConfigurationPlatforms) = postSolution
		{426E9B10-88E2-42EB-B043-C630CB78EB94}.Debug|Any CPU.ActiveCfg = Debug|Any CPU
		{426E9B10-88E2-42EB-B043-C630CB78EB94}.Debug|Any CPU.Build.0 = Debug|Any CPU
		{426E9B10-88E2-42EB-B043-C630CB78EB94}.Release|Any CPU.ActiveCfg = Release|Any CPU
		{426E9B10-88E2-42EB-B043-C630CB78EB94}.Release|Any CPU.Build.0 = Release|Any CPU
		{AC804AE8-2D77-47E9-93EA-EBD6A1F8C315}.Debug|Any CPU.ActiveCfg = Debug|Any CPU
		{AC804AE8-2D77-47E9-93EA-EBD6A1F8C315}.Debug|Any CPU.Build.0 = Debug|Any CPU
		{AC804AE8-2D77-47E9-93EA-EBD6A1F8C315}.Release|Any CPU.ActiveCfg = Release|Any CPU
		{AC804AE8-2D77-47E9-93EA-EBD6A1F8C315}.Release|Any CPU.Build.0 = Release|Any CPU
		{B7A29B22-ACF1-4893-9131-34D599BAB759}.Debug|Any CPU.ActiveCfg = Debug|Any CPU
		{B7A29B22-ACF1-4893-9131-34D599BAB759}.Debug|Any CPU.Build.0 = Debug|Any CPU
		{B7A29B22-ACF1-4893-9131-34D599BAB759}.Release|Any CPU.ActiveCfg = Release|Any CPU
		{B7A29B22-ACF1-4893-9131-34D599BAB759}.Release|Any CPU.Build.0 = Release|Any CPU
		{429FDDB0-5C0B-4269-B09C-E2908FF83FF2}.Debug|Any CPU.ActiveCfg = Debug|Any CPU
		{429FDDB0-5C0B-4269-B09C-E2908FF83FF2}.Debug|Any CPU.Build.0 = Debug|Any CPU
		{429FDDB0-5C0B-4269-B09C-E2908FF83FF2}.Release|Any CPU.ActiveCfg = Release|Any CPU
		{429FDDB0-5C0B-4269-B09C-E2908FF83FF2}.Release|Any CPU.Build.0 = Release|Any CPU
		{437DC4E8-B3B9-4EE8-8670-52B924E97F62}.Debug|Any CPU.ActiveCfg = Debug|Any CPU
		{437DC4E8-B3B9-4EE8-8670-52B924E97F62}.Debug|Any CPU.Build.0 = Debug|Any CPU
		{437DC4E8-B3B9-4EE8-8670-52B924E97F62}.Release|Any CPU.ActiveCfg = Release|Any CPU
		{437DC4E8-B3B9-4EE8-8670-52B924E97F62}.Release|Any CPU.Build.0 = Release|Any CPU
		{1978A7DF-1159-4B83-9EE5-753499579295}.Debug|Any CPU.ActiveCfg = Debug|Any CPU
		{1978A7DF-1159-4B83-9EE5-753499579295}.Debug|Any CPU.Build.0 = Debug|Any CPU
		{1978A7DF-1159-4B83-9EE5-753499579295}.Release|Any CPU.ActiveCfg = Release|Any CPU
		{1978A7DF-1159-4B83-9EE5-753499579295}.Release|Any CPU.Build.0 = Release|Any CPU
		{F52C2984-EBC9-4DBE-991B-CF7DA14A13A6}.Debug|Any CPU.ActiveCfg = Debug|Any CPU
		{F52C2984-EBC9-4DBE-991B-CF7DA14A13A6}.Debug|Any CPU.Build.0 = Debug|Any CPU
		{F52C2984-EBC9-4DBE-991B-CF7DA14A13A6}.Release|Any CPU.ActiveCfg = Release|Any CPU
		{F52C2984-EBC9-4DBE-991B-CF7DA14A13A6}.Release|Any CPU.Build.0 = Release|Any CPU
		{F8ABB0CF-89F5-4F1B-B9EA-5C602A370EB4}.Debug|Any CPU.ActiveCfg = Debug|Any CPU
		{F8ABB0CF-89F5-4F1B-B9EA-5C602A370EB4}.Debug|Any CPU.Build.0 = Debug|Any CPU
		{F8ABB0CF-89F5-4F1B-B9EA-5C602A370EB4}.Release|Any CPU.ActiveCfg = Release|Any CPU
		{F8ABB0CF-89F5-4F1B-B9EA-5C602A370EB4}.Release|Any CPU.Build.0 = Release|Any CPU
		{BFC8E23E-B501-4BF6-8F0C-FDCBF9BE4CA5}.Debug|Any CPU.ActiveCfg = Debug|Any CPU
		{BFC8E23E-B501-4BF6-8F0C-FDCBF9BE4CA5}.Debug|Any CPU.Build.0 = Debug|Any CPU
		{BFC8E23E-B501-4BF6-8F0C-FDCBF9BE4CA5}.Release|Any CPU.ActiveCfg = Release|Any CPU
		{BFC8E23E-B501-4BF6-8F0C-FDCBF9BE4CA5}.Release|Any CPU.Build.0 = Release|Any CPU
		{D12B0AB3-5375-4C15-87F9-A666220360AF}.Debug|Any CPU.ActiveCfg = Debug|Any CPU
		{D12B0AB3-5375-4C15-87F9-A666220360AF}.Debug|Any CPU.Build.0 = Debug|Any CPU
		{D12B0AB3-5375-4C15-87F9-A666220360AF}.Release|Any CPU.ActiveCfg = Release|Any CPU
		{D12B0AB3-5375-4C15-87F9-A666220360AF}.Release|Any CPU.Build.0 = Release|Any CPU
		{9924E771-6073-41C7-B499-E6780C82BE34}.Debug|Any CPU.ActiveCfg = Debug|Any CPU
		{9924E771-6073-41C7-B499-E6780C82BE34}.Debug|Any CPU.Build.0 = Debug|Any CPU
		{9924E771-6073-41C7-B499-E6780C82BE34}.Release|Any CPU.ActiveCfg = Release|Any CPU
		{9924E771-6073-41C7-B499-E6780C82BE34}.Release|Any CPU.Build.0 = Release|Any CPU
		{09D0A766-D1BF-46E1-9DC1-793CD33D5C62}.Debug|Any CPU.ActiveCfg = Debug|Any CPU
		{09D0A766-D1BF-46E1-9DC1-793CD33D5C62}.Debug|Any CPU.Build.0 = Debug|Any CPU
		{09D0A766-D1BF-46E1-9DC1-793CD33D5C62}.Release|Any CPU.ActiveCfg = Release|Any CPU
		{09D0A766-D1BF-46E1-9DC1-793CD33D5C62}.Release|Any CPU.Build.0 = Release|Any CPU
		{810D6FF2-8759-4B36-8B79-6A1C2CFEC071}.Debug|Any CPU.ActiveCfg = Debug|Any CPU
		{810D6FF2-8759-4B36-8B79-6A1C2CFEC071}.Debug|Any CPU.Build.0 = Debug|Any CPU
		{810D6FF2-8759-4B36-8B79-6A1C2CFEC071}.Release|Any CPU.ActiveCfg = Release|Any CPU
		{810D6FF2-8759-4B36-8B79-6A1C2CFEC071}.Release|Any CPU.Build.0 = Release|Any CPU
		{A9F36135-AB2E-40CB-A0D5-42F31FBAAD43}.Debug|Any CPU.ActiveCfg = Debug|Any CPU
		{A9F36135-AB2E-40CB-A0D5-42F31FBAAD43}.Debug|Any CPU.Build.0 = Debug|Any CPU
		{A9F36135-AB2E-40CB-A0D5-42F31FBAAD43}.Release|Any CPU.ActiveCfg = Release|Any CPU
		{A9F36135-AB2E-40CB-A0D5-42F31FBAAD43}.Release|Any CPU.Build.0 = Release|Any CPU
		{52606B93-8F0E-4C3F-AE49-8B9E83AC7909}.Debug|Any CPU.ActiveCfg = Debug|Any CPU
		{52606B93-8F0E-4C3F-AE49-8B9E83AC7909}.Debug|Any CPU.Build.0 = Debug|Any CPU
		{52606B93-8F0E-4C3F-AE49-8B9E83AC7909}.Release|Any CPU.ActiveCfg = Release|Any CPU
		{52606B93-8F0E-4C3F-AE49-8B9E83AC7909}.Release|Any CPU.Build.0 = Release|Any CPU
		{86E1F5D3-A134-4147-912E-4ECC3D759E26}.Debug|Any CPU.ActiveCfg = Debug|Any CPU
		{86E1F5D3-A134-4147-912E-4ECC3D759E26}.Debug|Any CPU.Build.0 = Debug|Any CPU
		{86E1F5D3-A134-4147-912E-4ECC3D759E26}.Release|Any CPU.ActiveCfg = Release|Any CPU
		{86E1F5D3-A134-4147-912E-4ECC3D759E26}.Release|Any CPU.Build.0 = Release|Any CPU
		{DBB7F3BA-23B1-4AD7-9F85-89E03D3B7DC6}.Debug|Any CPU.ActiveCfg = Debug|Any CPU
		{DBB7F3BA-23B1-4AD7-9F85-89E03D3B7DC6}.Debug|Any CPU.Build.0 = Debug|Any CPU
		{DBB7F3BA-23B1-4AD7-9F85-89E03D3B7DC6}.Release|Any CPU.ActiveCfg = Release|Any CPU
		{DBB7F3BA-23B1-4AD7-9F85-89E03D3B7DC6}.Release|Any CPU.Build.0 = Release|Any CPU
	EndGlobalSection
	GlobalSection(NestedProjects) = preSolution
		{A326A5EC-9671-4D6D-8B8B-503E6D146E7A} = {81B9C654-3B5F-4587-B481-8B3379AF0617}
		{426E9B10-88E2-42EB-B043-C630CB78EB94} = {A326A5EC-9671-4D6D-8B8B-503E6D146E7A}
		{3051D7F1-28A4-4C08-A690-3A31023E6C64} = {81B9C654-3B5F-4587-B481-8B3379AF0617}
		{60986F0E-CA8B-49F9-BA87-417BA490DEE8} = {3051D7F1-28A4-4C08-A690-3A31023E6C64}
		{AC804AE8-2D77-47E9-93EA-EBD6A1F8C315} = {60986F0E-CA8B-49F9-BA87-417BA490DEE8}
		{B7A29B22-ACF1-4893-9131-34D599BAB759} = {60986F0E-CA8B-49F9-BA87-417BA490DEE8}
		{429FDDB0-5C0B-4269-B09C-E2908FF83FF2} = {60986F0E-CA8B-49F9-BA87-417BA490DEE8}
		{437DC4E8-B3B9-4EE8-8670-52B924E97F62} = {60986F0E-CA8B-49F9-BA87-417BA490DEE8}
		{1978A7DF-1159-4B83-9EE5-753499579295} = {025641F3-C2E7-43A5-8D1F-574DC19798AB}
		{F52C2984-EBC9-4DBE-991B-CF7DA14A13A6} = {025641F3-C2E7-43A5-8D1F-574DC19798AB}
		{F8ABB0CF-89F5-4F1B-B9EA-5C602A370EB4} = {025641F3-C2E7-43A5-8D1F-574DC19798AB}
		{BFC8E23E-B501-4BF6-8F0C-FDCBF9BE4CA5} = {A326A5EC-9671-4D6D-8B8B-503E6D146E7A}
		{D12B0AB3-5375-4C15-87F9-A666220360AF} = {A326A5EC-9671-4D6D-8B8B-503E6D146E7A}
		{9924E771-6073-41C7-B499-E6780C82BE34} = {A326A5EC-9671-4D6D-8B8B-503E6D146E7A}
		{246CDE55-B337-4534-AC2F-27F5BBC4A964} = {3051D7F1-28A4-4C08-A690-3A31023E6C64}
		{09D0A766-D1BF-46E1-9DC1-793CD33D5C62} = {246CDE55-B337-4534-AC2F-27F5BBC4A964}
		{810D6FF2-8759-4B36-8B79-6A1C2CFEC071} = {246CDE55-B337-4534-AC2F-27F5BBC4A964}
		{A9F36135-AB2E-40CB-A0D5-42F31FBAAD43} = {246CDE55-B337-4534-AC2F-27F5BBC4A964}
		{52606B93-8F0E-4C3F-AE49-8B9E83AC7909} = {246CDE55-B337-4534-AC2F-27F5BBC4A964}
		{86E1F5D3-A134-4147-912E-4ECC3D759E26} = {025641F3-C2E7-43A5-8D1F-574DC19798AB}
		{DBB7F3BA-23B1-4AD7-9F85-89E03D3B7DC6} = {025641F3-C2E7-43A5-8D1F-574DC19798AB}
	EndGlobalSection
EndGlobal
