
Microsoft Visual Studio Solution File, Format Version 12.00
# Visual Studio Version 17
VisualStudioVersion = 17.0.31903.59
MinimumVisualStudioVersion = 10.0.40219.1
Project("{2150E333-8FDC-42A3-9474-1A3956D46DE8}") = "src", "src", "{81B9C654-3B5F-4587-B481-8B3379AF0617}"
EndProject
Project("{2150E333-8FDC-42A3-9474-1A3956D46DE8}") = "BuildingBlocks", "BuildingBlocks", "{A326A5EC-9671-4D6D-8B8B-503E6D146E7A}"
EndProject
Project("{FAE04EC0-301F-11D3-BF4B-00C04F79EFBC}") = "OrderHub.Common", "src\BuildingBlocks\OrderHub.Common\OrderHub.Common.csproj", "{426E9B10-88E2-42EB-B043-C630CB78EB94}"
EndProject
Project("{2150E333-8FDC-42A3-9474-1A3956D46DE8}") = "Services", "Services", "{3051D7F1-28A4-4C08-A690-3A31023E6C64}"
EndProject
Project("{2150E333-8FDC-42A3-9474-1A3956D46DE8}") = "OrderService", "OrderService", "{60986F0E-CA8B-49F9-BA87-417BA490DEE8}"
EndProject
Project("{FAE04EC0-301F-11D3-BF4B-00C04F79EFBC}") = "OrderHub.OrderService.Domain", "src\Services\OrderService\OrderService.Domain\OrderHub.OrderService.Domain.csproj", "{AC804AE8-2D77-47E9-93EA-EBD6A1F8C315}"
EndProject
Project("{FAE04EC0-301F-11D3-BF4B-00C04F79EFBC}") = "OrderHub.OrderService.Application", "src\Services\OrderService\OrderService.Application\OrderHub.OrderService.Application.csproj", "{B7A29B22-ACF1-4893-9131-34D599BAB759}"
EndProject
Project("{FAE04EC0-301F-11D3-BF4B-00C04F79EFBC}") = "OrderHub.OrderService.Infrastructure", "src\Services\OrderService\OrderService.Infrastructure\OrderHub.OrderService.Infrastructure.csproj", "{429FDDB0-5C0B-4269-B09C-E2908FF83FF2}"
EndProject
Project("{FAE04EC0-301F-11D3-BF4B-00C04F79EFBC}") = "OrderHub.OrderService.Api", "src\Services\OrderService\OrderService.Api\OrderHub.OrderService.Api.csproj", "{437DC4E8-B3B9-4EE8-8670-52B924E97F62}"
EndProject
Project("{2150E333-8FDC-42A3-9474-1A3956D46DE8}") = "tests", "tests", "{025641F3-C2E7-43A5-8D1F-574DC19798AB}"
EndProject
Project("{FAE04EC0-301F-11D3-BF4B-00C04F79EFBC}") = "OrderHub.OrderService.UnitTests", "tests\OrderService.UnitTests\OrderHub.OrderService.UnitTests.csproj", "{1978A7DF-1159-4B83-9EE5-753499579295}"
EndProject
Project("{FAE04EC0-301F-11D3-BF4B-00C04F79EFBC}") = "OrderHub.OrderService.IntegrationTests", "tests\OrderService.IntegrationTests\OrderHub.OrderService.IntegrationTests.csproj", "{F52C2984-EBC9-4DBE-991B-CF7DA14A13A6}"
EndProject
Project("{FAE04EC0-301F-11D3-BF4B-00C04F79EFBC}") = "OrderHub.Common.UnitTests", "tests\OrderHub.Common.UnitTests\OrderHub.Common.UnitTests.csproj", "{F8ABB0CF-89F5-4F1B-B9EA-5C602A370EB4}"
EndProject
Project("{FAE04EC0-301F-11D3-BF4B-00C04F79EFBC}") = "OrderHub.EventBus", "src\BuildingBlocks\OrderHub.EventBus\OrderHub.EventBus.csproj", "{BFC8E23E-B501-4BF6-8F0C-FDCBF9BE4CA5}"
EndProject
Project("{FAE04EC0-301F-11D3-BF4B-00C04F79EFBC}") = "OrderHub.Outbox", "src\BuildingBlocks\OrderHub.Outbox\OrderHub.Outbox.csproj", "{D12B0AB3-5375-4C15-87F9-A666220360AF}"
EndProject
Project("{FAE04EC0-301F-11D3-BF4B-00C04F79EFBC}") = "OrderHub.Contracts", "src\BuildingBlocks\OrderHub.Contracts\OrderHub.Contracts.csproj", "{9924E771-6073-41C7-B499-E6780C82BE34}"
EndProject
Project("{2150E333-8FDC-42A3-9474-1A3956D46DE8}") = "PaymentService", "PaymentService", "{246CDE55-B337-4534-AC2F-27F5BBC4A964}"
EndProject
Project("{FAE04EC0-301F-11D3-BF4B-00C04F79EFBC}") = "OrderHub.PaymentService.Domain", "src\Services\PaymentService\PaymentService.Domain\OrderHub.PaymentService.Domain.csproj", "{09D0A766-D1BF-46E1-9DC1-793CD33D5C62}"
EndProject
Project("{FAE04EC0-301F-11D3-BF4B-00C04F79EFBC}") = "OrderHub.PaymentService.Application", "src\Services\PaymentService\PaymentService.Application\OrderHub.PaymentService.Application.csproj", "{810D6FF2-8759-4B36-8B79-6A1C2CFEC071}"
EndProject
Project("{FAE04EC0-301F-11D3-BF4B-00C04F79EFBC}") = "OrderHub.PaymentService.Infrastructure", "src\Services\PaymentService\PaymentService.Infrastructure\OrderHub.PaymentService.Infrastructure.csproj", "{A9F36135-AB2E-40CB-A0D5-42F31FBAAD43}"
EndProject
Project("{FAE04EC0-301F-11D3-BF4B-00C04F79EFBC}") = "OrderHub.PaymentService.Api", "src\Services\PaymentService\PaymentService.Api\OrderHub.PaymentService.Api.csproj", "{52606B93-8F0E-4C3F-AE49-8B9E83AC7909}"
EndProject
Project("{FAE04EC0-301F-11D3-BF4B-00C04F79EFBC}") = "OrderHub.PaymentService.UnitTests", "tests\PaymentService.UnitTests\OrderHub.PaymentService.UnitTests.csproj", "{86E1F5D3-A134-4147-912E-4ECC3D759E26}"
EndProject
Project("{FAE04EC0-301F-11D3-BF4B-00C04F79EFBC}") = "OrderHub.PaymentService.IntegrationTests", "tests\PaymentService.IntegrationTests\OrderHub.PaymentService.IntegrationTests.csproj", "{DBB7F3BA-23B1-4AD7-9F85-89E03D3B7DC6}"
EndProject
Project("{FAE04EC0-301F-11D3-BF4B-00C04F79EFBC}") = "OrderHub.Inbox", "src\BuildingBlocks\OrderHub.Inbox\OrderHub.Inbox.csproj", "{036E6ACB-D394-4BFA-9F85-866AAA80CEFB}"
EndProject
Project("{FAE04EC0-301F-11D3-BF4B-00C04F79EFBC}") = "OrderHub.Inbox.UnitTests", "tests\OrderHub.Inbox.UnitTests\OrderHub.Inbox.UnitTests.csproj", "{D05346B4-E8B2-4A95-A54F-1851CA0ACEA1}"
EndProject
Project("{FAE04EC0-301F-11D3-BF4B-00C04F79EFBC}") = "OrderHub.EventBus.UnitTests", "tests\OrderHub.EventBus.UnitTests\OrderHub.EventBus.UnitTests.csproj", "{3CACDB9E-03A9-4C0C-BE27-F4284DF8F87D}"
EndProject
Project("{2150E333-8FDC-42A3-9474-1A3956D46DE8}") = "AnalyticsService", "AnalyticsService", "{7D0D486B-0440-457F-9130-BC18384324DE}"
EndProject
Project("{FAE04EC0-301F-11D3-BF4B-00C04F79EFBC}") = "OrderHub.AnalyticsService.Domain", "src\Services\AnalyticsService\AnalyticsService.Domain\OrderHub.AnalyticsService.Domain.csproj", "{3731E424-3025-4402-88EB-A48D3964F732}"
EndProject
Project("{FAE04EC0-301F-11D3-BF4B-00C04F79EFBC}") = "OrderHub.AnalyticsService.Infrastructure", "src\Services\AnalyticsService\AnalyticsService.Infrastructure\OrderHub.AnalyticsService.Infrastructure.csproj", "{AA8982DC-4686-424F-9E97-E576FDA1927E}"
EndProject
Project("{FAE04EC0-301F-11D3-BF4B-00C04F79EFBC}") = "OrderHub.AnalyticsService.Api", "src\Services\AnalyticsService\AnalyticsService.Api\OrderHub.AnalyticsService.Api.csproj", "{42C11F3B-7C3E-4F41-A362-E0A553E62198}"
EndProject
Project("{FAE04EC0-301F-11D3-BF4B-00C04F79EFBC}") = "OrderHub.AnalyticsService.IntegrationTests", "tests\AnalyticsService.IntegrationTests\OrderHub.AnalyticsService.IntegrationTests.csproj", "{F109E41E-0C62-4F37-A9B0-FBC89DD2783D}"
EndProject
Project("{FAE04EC0-301F-11D3-BF4B-00C04F79EFBC}") = "OrderHub.AnalyticsService.Application", "src\Services\AnalyticsService\AnalyticsService.Application\OrderHub.AnalyticsService.Application.csproj", "{9F1393F7-BE3C-4AEE-BD2A-75F86B3B6C4C}"
EndProject
Project("{FAE04EC0-301F-11D3-BF4B-00C04F79EFBC}") = "OrderHub.AnalyticsService.UnitTests", "tests\AnalyticsService.UnitTests\OrderHub.AnalyticsService.UnitTests.csproj", "{7012269F-E075-499D-9773-F77575EFE4B8}"
EndProject
Project("{2150E333-8FDC-42A3-9474-1A3956D46DE8}") = "Services", "Services", "{C4FFF293-E505-423B-BB3E-EDDC5119718B}"
EndProject
Project("{2150E333-8FDC-42A3-9474-1A3956D46DE8}") = "InventoryService", "InventoryService", "{7B989988-89CC-43A6-9865-454F73ACE418}"
EndProject
Project("{FAE04EC0-301F-11D3-BF4B-00C04F79EFBC}") = "OrderHub.InventoryService.Domain", "src\Services\InventoryService\InventoryService.Domain\OrderHub.InventoryService.Domain.csproj", "{0548E9BA-E54B-49E3-9D8B-DDCEF9270475}"
EndProject
Project("{FAE04EC0-301F-11D3-BF4B-00C04F79EFBC}") = "OrderHub.InventoryService.Infrastructure", "src\Services\InventoryService\InventoryService.Infrastructure\OrderHub.InventoryService.Infrastructure.csproj", "{D2D979BC-8595-48E1-9E00-68836C731D84}"
EndProject
Project("{FAE04EC0-301F-11D3-BF4B-00C04F79EFBC}") = "OrderHub.InventoryService.Api", "src\Services\InventoryService\InventoryService.Api\OrderHub.InventoryService.Api.csproj", "{F9FD8CD1-E73D-4E01-8086-124DF46042B8}"
EndProject
Project("{FAE04EC0-301F-11D3-BF4B-00C04F79EFBC}") = "OrderHub.InventoryService.UnitTests", "tests\InventoryService.UnitTests\OrderHub.InventoryService.UnitTests.csproj", "{19EC581E-686C-4DCE-B78E-B160484B44DD}"
EndProject
Project("{FAE04EC0-301F-11D3-BF4B-00C04F79EFBC}") = "OrderHub.InventoryService.IntegrationTests", "tests\InventoryService.IntegrationTests\OrderHub.InventoryService.IntegrationTests.csproj", "{AB11F250-17BA-4EEF-B0BD-AE99CEFCB9FE}"
EndProject
Project("{FAE04EC0-301F-11D3-BF4B-00C04F79EFBC}") = "OrderHub.InventoryService.Application", "src\Services\InventoryService\InventoryService.Application\OrderHub.InventoryService.Application.csproj", "{FE69A65F-3E77-4325-8500-273D09482E37}"
EndProject
Project("{2150E333-8FDC-42A3-9474-1A3956D46DE8}") = "OrderProcessingService", "OrderProcessingService", "{FC6B34AE-9028-4CD5-9187-155F172A4396}"
EndProject
Project("{FAE04EC0-301F-11D3-BF4B-00C04F79EFBC}") = "OrderHub.OrderProcessingService.Infrastructure", "src\Services\OrderProcessingService\OrderProcessingService.Infrastructure\OrderHub.OrderProcessingService.Infrastructure.csproj", "{9F0A31DC-98B0-4C6F-9C4F-AE989A326083}"
EndProject
Project("{FAE04EC0-301F-11D3-BF4B-00C04F79EFBC}") = "OrderHub.OrderProcessingService.Api", "src\Services\OrderProcessingService\OrderProcessingService.Api\OrderHub.OrderProcessingService.Api.csproj", "{A904357B-ED39-4C57-8C06-FC170D8F3131}"
EndProject
Project("{FAE04EC0-301F-11D3-BF4B-00C04F79EFBC}") = "OrderHub.OrderProcessingService.UnitTests", "tests\OrderProcessingService.UnitTests\OrderHub.OrderProcessingService.UnitTests.csproj", "{F60E2A0B-A5E3-4937-9A8A-C39F5F39B27E}"
EndProject
Project("{FAE04EC0-301F-11D3-BF4B-00C04F79EFBC}") = "OrderHub.OrderProcessingService.IntegrationTests", "tests\OrderProcessingService.IntegrationTests\OrderHub.OrderProcessingService.IntegrationTests.csproj", "{B4D63C51-B5A3-4DEA-993D-6ABE9C538325}"
EndProject
Project("{2150E333-8FDC-42A3-9474-1A3956D46DE8}") = "NotificationService", "NotificationService", "{EFF1E51D-52D1-4524-A3A0-1765520EACBA}"
EndProject
Project("{FAE04EC0-301F-11D3-BF4B-00C04F79EFBC}") = "OrderHub.NotificationService.Domain", "src\Services\NotificationService\NotificationService.Domain\OrderHub.NotificationService.Domain.csproj", "{9BD8B8C1-941F-4CB6-B3E7-FC3C09B58722}"
EndProject
Project("{FAE04EC0-301F-11D3-BF4B-00C04F79EFBC}") = "OrderHub.NotificationService.Application", "src\Services\NotificationService\NotificationService.Application\OrderHub.NotificationService.Application.csproj", "{50609107-7843-407C-B556-B3720D64B85F}"
EndProject
Project("{FAE04EC0-301F-11D3-BF4B-00C04F79EFBC}") = "OrderHub.NotificationService.Infrastructure", "src\Services\NotificationService\NotificationService.Infrastructure\OrderHub.NotificationService.Infrastructure.csproj", "{D5CED1D1-5C89-44CF-B625-91B376492172}"
EndProject
Project("{FAE04EC0-301F-11D3-BF4B-00C04F79EFBC}") = "OrderHub.NotificationService.Api", "src\Services\NotificationService\NotificationService.Api\OrderHub.NotificationService.Api.csproj", "{60346364-A10F-4EBF-AAEE-DEA795BEC6EC}"
EndProject
Project("{FAE04EC0-301F-11D3-BF4B-00C04F79EFBC}") = "OrderHub.NotificationService.IntegrationTests", "tests\NotificationService.IntegrationTests\OrderHub.NotificationService.IntegrationTests.csproj", "{2F62A320-2159-491F-9827-5E7E6669F757}"
EndProject
Project("{FAE04EC0-301F-11D3-BF4B-00C04F79EFBC}") = "OrderHub.NotificationService.UnitTests", "tests\NotificationService.UnitTests\OrderHub.NotificationService.UnitTests.csproj", "{1A2B3C4D-5E6F-7A8B-9C0D-1E2F3A4B5C6D}"
EndProject
Project("{2150E333-8FDC-42A3-9474-1A3956D46DE8}") = "Gateway", "Gateway", "{D2BB05E2-57B1-43EE-9681-1B6265EDD1E9}"
EndProject
Project("{FAE04EC0-301F-11D3-BF4B-00C04F79EFBC}") = "OrderHub.Gateway", "src\Gateway\OrderHub.Gateway\OrderHub.Gateway.csproj", "{F4A072E8-3755-41F3-8402-DC03D18144F4}"
EndProject
Project("{FAE04EC0-301F-11D3-BF4B-00C04F79EFBC}") = "OrderHub.Gateway.IntegrationTests", "tests\Gateway.IntegrationTests\OrderHub.Gateway.IntegrationTests.csproj", "{AEACC97F-B432-4169-9B1B-145EE67C83FA}"
EndProject
Project("{FAE04EC0-301F-11D3-BF4B-00C04F79EFBC}") = "OrderHub.Observability", "src\BuildingBlocks\OrderHub.Observability\OrderHub.Observability.csproj", "{60C9C247-7B08-466A-AAC6-BE2D8697F4ED}"
EndProject
Project("{FAE04EC0-301F-11D3-BF4B-00C04F79EFBC}") = "OrderHub.Observability.UnitTests", "tests\OrderHub.Observability.UnitTests\OrderHub.Observability.UnitTests.csproj", "{0CAB4A81-1018-4684-B246-22C5045793D4}"
EndProject
Project("{FAE04EC0-301F-11D3-BF4B-00C04F79EFBC}") = "OrderHub.EventBus.IntegrationTests", "tests\OrderHub.EventBus.IntegrationTests\OrderHub.EventBus.IntegrationTests.csproj", "{93685B35-21FC-4477-AFAF-6E01713F1B70}"
EndProject
Global
	GlobalSection(SolutionConfigurationPlatforms) = preSolution
		Debug|Any CPU = Debug|Any CPU
		Release|Any CPU = Release|Any CPU
	EndGlobalSection
	GlobalSection(SolutionProperties) = preSolution
		HideSolutionNode = FALSE
	EndGlobalSection
	GlobalSection(ProjectConfigurationPlatforms) = postSolution
		{426E9B10-88E2-42EB-B043-C630CB78EB94}.Debug|Any CPU.ActiveCfg = Debug|Any CPU
		{426E9B10-88E2-42EB-B043-C630CB78EB94}.Debug|Any CPU.Build.0 = Debug|Any CPU
		{426E9B10-88E2-42EB-B043-C630CB78EB94}.Release|Any CPU.ActiveCfg = Release|Any CPU
		{426E9B10-88E2-42EB-B043-C630CB78EB94}.Release|Any CPU.Build.0 = Release|Any CPU
		{AC804AE8-2D77-47E9-93EA-EBD6A1F8C315}.Debug|Any CPU.ActiveCfg = Debug|Any CPU
		{AC804AE8-2D77-47E9-93EA-EBD6A1F8C315}.Debug|Any CPU.Build.0 = Debug|Any CPU
		{AC804AE8-2D77-47E9-93EA-EBD6A1F8C315}.Release|Any CPU.ActiveCfg = Release|Any CPU
		{AC804AE8-2D77-47E9-93EA-EBD6A1F8C315}.Release|Any CPU.Build.0 = Release|Any CPU
		{B7A29B22-ACF1-4893-9131-34D599BAB759}.Debug|Any CPU.ActiveCfg = Debug|Any CPU
		{B7A29B22-ACF1-4893-9131-34D599BAB759}.Debug|Any CPU.Build.0 = Debug|Any CPU
		{B7A29B22-ACF1-4893-9131-34D599BAB759}.Release|Any CPU.ActiveCfg = Release|Any CPU
		{B7A29B22-ACF1-4893-9131-34D599BAB759}.Release|Any CPU.Build.0 = Release|Any CPU
		{429FDDB0-5C0B-4269-B09C-E2908FF83FF2}.Debug|Any CPU.ActiveCfg = Debug|Any CPU
		{429FDDB0-5C0B-4269-B09C-E2908FF83FF2}.Debug|Any CPU.Build.0 = Debug|Any CPU
		{429FDDB0-5C0B-4269-B09C-E2908FF83FF2}.Release|Any CPU.ActiveCfg = Release|Any CPU
		{429FDDB0-5C0B-4269-B09C-E2908FF83FF2}.Release|Any CPU.Build.0 = Release|Any CPU
		{437DC4E8-B3B9-4EE8-8670-52B924E97F62}.Debug|Any CPU.ActiveCfg = Debug|Any CPU
		{437DC4E8-B3B9-4EE8-8670-52B924E97F62}.Debug|Any CPU.Build.0 = Debug|Any CPU
		{437DC4E8-B3B9-4EE8-8670-52B924E97F62}.Release|Any CPU.ActiveCfg = Release|Any CPU
		{437DC4E8-B3B9-4EE8-8670-52B924E97F62}.Release|Any CPU.Build.0 = Release|Any CPU
		{1978A7DF-1159-4B83-9EE5-753499579295}.Debug|Any CPU.ActiveCfg = Debug|Any CPU
		{1978A7DF-1159-4B83-9EE5-753499579295}.Debug|Any CPU.Build.0 = Debug|Any CPU
		{1978A7DF-1159-4B83-9EE5-753499579295}.Release|Any CPU.ActiveCfg = Release|Any CPU
		{1978A7DF-1159-4B83-9EE5-753499579295}.Release|Any CPU.Build.0 = Release|Any CPU
		{F52C2984-EBC9-4DBE-991B-CF7DA14A13A6}.Debug|Any CPU.ActiveCfg = Debug|Any CPU
		{F52C2984-EBC9-4DBE-991B-CF7DA14A13A6}.Debug|Any CPU.Build.0 = Debug|Any CPU
		{F52C2984-EBC9-4DBE-991B-CF7DA14A13A6}.Release|Any CPU.ActiveCfg = Release|Any CPU
		{F52C2984-EBC9-4DBE-991B-CF7DA14A13A6}.Release|Any CPU.Build.0 = Release|Any CPU
		{F8ABB0CF-89F5-4F1B-B9EA-5C602A370EB4}.Debug|Any CPU.ActiveCfg = Debug|Any CPU
		{F8ABB0CF-89F5-4F1B-B9EA-5C602A370EB4}.Debug|Any CPU.Build.0 = Debug|Any CPU
		{F8ABB0CF-89F5-4F1B-B9EA-5C602A370EB4}.Release|Any CPU.ActiveCfg = Release|Any CPU
		{F8ABB0CF-89F5-4F1B-B9EA-5C602A370EB4}.Release|Any CPU.Build.0 = Release|Any CPU
		{BFC8E23E-B501-4BF6-8F0C-FDCBF9BE4CA5}.Debug|Any CPU.ActiveCfg = Debug|Any CPU
		{BFC8E23E-B501-4BF6-8F0C-FDCBF9BE4CA5}.Debug|Any CPU.Build.0 = Debug|Any CPU
		{BFC8E23E-B501-4BF6-8F0C-FDCBF9BE4CA5}.Release|Any CPU.ActiveCfg = Release|Any CPU
		{BFC8E23E-B501-4BF6-8F0C-FDCBF9BE4CA5}.Release|Any CPU.Build.0 = Release|Any CPU
		{D12B0AB3-5375-4C15-87F9-A666220360AF}.Debug|Any CPU.ActiveCfg = Debug|Any CPU
		{D12B0AB3-5375-4C15-87F9-A666220360AF}.Debug|Any CPU.Build.0 = Debug|Any CPU
		{D12B0AB3-5375-4C15-87F9-A666220360AF}.Release|Any CPU.ActiveCfg = Release|Any CPU
		{D12B0AB3-5375-4C15-87F9-A666220360AF}.Release|Any CPU.Build.0 = Release|Any CPU
		{9924E771-6073-41C7-B499-E6780C82BE34}.Debug|Any CPU.ActiveCfg = Debug|Any CPU
		{9924E771-6073-41C7-B499-E6780C82BE34}.Debug|Any CPU.Build.0 = Debug|Any CPU
		{9924E771-6073-41C7-B499-E6780C82BE34}.Release|Any CPU.ActiveCfg = Release|Any CPU
		{9924E771-6073-41C7-B499-E6780C82BE34}.Release|Any CPU.Build.0 = Release|Any CPU
		{09D0A766-D1BF-46E1-9DC1-793CD33D5C62}.Debug|Any CPU.ActiveCfg = Debug|Any CPU
		{09D0A766-D1BF-46E1-9DC1-793CD33D5C62}.Debug|Any CPU.Build.0 = Debug|Any CPU
		{09D0A766-D1BF-46E1-9DC1-793CD33D5C62}.Release|Any CPU.ActiveCfg = Release|Any CPU
		{09D0A766-D1BF-46E1-9DC1-793CD33D5C62}.Release|Any CPU.Build.0 = Release|Any CPU
		{810D6FF2-8759-4B36-8B79-6A1C2CFEC071}.Debug|Any CPU.ActiveCfg = Debug|Any CPU
		{810D6FF2-8759-4B36-8B79-6A1C2CFEC071}.Debug|Any CPU.Build.0 = Debug|Any CPU
		{810D6FF2-8759-4B36-8B79-6A1C2CFEC071}.Release|Any CPU.ActiveCfg = Release|Any CPU
		{810D6FF2-8759-4B36-8B79-6A1C2CFEC071}.Release|Any CPU.Build.0 = Release|Any CPU
		{A9F36135-AB2E-40CB-A0D5-42F31FBAAD43}.Debug|Any CPU.ActiveCfg = Debug|Any CPU
		{A9F36135-AB2E-40CB-A0D5-42F31FBAAD43}.Debug|Any CPU.Build.0 = Debug|Any CPU
		{A9F36135-AB2E-40CB-A0D5-42F31FBAAD43}.Release|Any CPU.ActiveCfg = Release|Any CPU
		{A9F36135-AB2E-40CB-A0D5-42F31FBAAD43}.Release|Any CPU.Build.0 = Release|Any CPU
		{52606B93-8F0E-4C3F-AE49-8B9E83AC7909}.Debug|Any CPU.ActiveCfg = Debug|Any CPU
		{52606B93-8F0E-4C3F-AE49-8B9E83AC7909}.Debug|Any CPU.Build.0 = Debug|Any CPU
		{52606B93-8F0E-4C3F-AE49-8B9E83AC7909}.Release|Any CPU.ActiveCfg = Release|Any CPU
		{52606B93-8F0E-4C3F-AE49-8B9E83AC7909}.Release|Any CPU.Build.0 = Release|Any CPU
		{86E1F5D3-A134-4147-912E-4ECC3D759E26}.Debug|Any CPU.ActiveCfg = Debug|Any CPU
		{86E1F5D3-A134-4147-912E-4ECC3D759E26}.Debug|Any CPU.Build.0 = Debug|Any CPU
		{86E1F5D3-A134-4147-912E-4ECC3D759E26}.Release|Any CPU.ActiveCfg = Release|Any CPU
		{86E1F5D3-A134-4147-912E-4ECC3D759E26}.Release|Any CPU.Build.0 = Release|Any CPU
		{DBB7F3BA-23B1-4AD7-9F85-89E03D3B7DC6}.Debug|Any CPU.ActiveCfg = Debug|Any CPU
		{DBB7F3BA-23B1-4AD7-9F85-89E03D3B7DC6}.Debug|Any CPU.Build.0 = Debug|Any CPU
		{DBB7F3BA-23B1-4AD7-9F85-89E03D3B7DC6}.Release|Any CPU.ActiveCfg = Release|Any CPU
		{DBB7F3BA-23B1-4AD7-9F85-89E03D3B7DC6}.Release|Any CPU.Build.0 = Release|Any CPU
		{036E6ACB-D394-4BFA-9F85-866AAA80CEFB}.Debug|Any CPU.ActiveCfg = Debug|Any CPU
		{036E6ACB-D394-4BFA-9F85-866AAA80CEFB}.Debug|Any CPU.Build.0 = Debug|Any CPU
		{036E6ACB-D394-4BFA-9F85-866AAA80CEFB}.Release|Any CPU.ActiveCfg = Release|Any CPU
		{036E6ACB-D394-4BFA-9F85-866AAA80CEFB}.Release|Any CPU.Build.0 = Release|Any CPU
		{D05346B4-E8B2-4A95-A54F-1851CA0ACEA1}.Debug|Any CPU.ActiveCfg = Debug|Any CPU
		{D05346B4-E8B2-4A95-A54F-1851CA0ACEA1}.Debug|Any CPU.Build.0 = Debug|Any CPU
		{D05346B4-E8B2-4A95-A54F-1851CA0ACEA1}.Release|Any CPU.ActiveCfg = Release|Any CPU
		{D05346B4-E8B2-4A95-A54F-1851CA0ACEA1}.Release|Any CPU.Build.0 = Release|Any CPU
		{3CACDB9E-03A9-4C0C-BE27-F4284DF8F87D}.Debug|Any CPU.ActiveCfg = Debug|Any CPU
		{3CACDB9E-03A9-4C0C-BE27-F4284DF8F87D}.Debug|Any CPU.Build.0 = Debug|Any CPU
		{3CACDB9E-03A9-4C0C-BE27-F4284DF8F87D}.Release|Any CPU.ActiveCfg = Release|Any CPU
		{3CACDB9E-03A9-4C0C-BE27-F4284DF8F87D}.Release|Any CPU.Build.0 = Release|Any CPU
		{3731E424-3025-4402-88EB-A48D3964F732}.Debug|Any CPU.ActiveCfg = Debug|Any CPU
		{3731E424-3025-4402-88EB-A48D3964F732}.Debug|Any CPU.Build.0 = Debug|Any CPU
		{3731E424-3025-4402-88EB-A48D3964F732}.Release|Any CPU.ActiveCfg = Release|Any CPU
		{3731E424-3025-4402-88EB-A48D3964F732}.Release|Any CPU.Build.0 = Release|Any CPU
		{AA8982DC-4686-424F-9E97-E576FDA1927E}.Debug|Any CPU.ActiveCfg = Debug|Any CPU
		{AA8982DC-4686-424F-9E97-E576FDA1927E}.Debug|Any CPU.Build.0 = Debug|Any CPU
		{AA8982DC-4686-424F-9E97-E576FDA1927E}.Release|Any CPU.ActiveCfg = Release|Any CPU
		{AA8982DC-4686-424F-9E97-E576FDA1927E}.Release|Any CPU.Build.0 = Release|Any CPU
		{42C11F3B-7C3E-4F41-A362-E0A553E62198}.Debug|Any CPU.ActiveCfg = Debug|Any CPU
		{42C11F3B-7C3E-4F41-A362-E0A553E62198}.Debug|Any CPU.Build.0 = Debug|Any CPU
		{42C11F3B-7C3E-4F41-A362-E0A553E62198}.Release|Any CPU.ActiveCfg = Release|Any CPU
		{42C11F3B-7C3E-4F41-A362-E0A553E62198}.Release|Any CPU.Build.0 = Release|Any CPU
		{F109E41E-0C62-4F37-A9B0-FBC89DD2783D}.Debug|Any CPU.ActiveCfg = Debug|Any CPU
		{F109E41E-0C62-4F37-A9B0-FBC89DD2783D}.Debug|Any CPU.Build.0 = Debug|Any CPU
		{F109E41E-0C62-4F37-A9B0-FBC89DD2783D}.Release|Any CPU.ActiveCfg = Release|Any CPU
		{F109E41E-0C62-4F37-A9B0-FBC89DD2783D}.Release|Any CPU.Build.0 = Release|Any CPU
		{9F1393F7-BE3C-4AEE-BD2A-75F86B3B6C4C}.Debug|Any CPU.ActiveCfg = Debug|Any CPU
		{9F1393F7-BE3C-4AEE-BD2A-75F86B3B6C4C}.Debug|Any CPU.Build.0 = Debug|Any CPU
		{9F1393F7-BE3C-4AEE-BD2A-75F86B3B6C4C}.Release|Any CPU.ActiveCfg = Release|Any CPU
		{9F1393F7-BE3C-4AEE-BD2A-75F86B3B6C4C}.Release|Any CPU.Build.0 = Release|Any CPU
		{7012269F-E075-499D-9773-F77575EFE4B8}.Debug|Any CPU.ActiveCfg = Debug|Any CPU
		{7012269F-E075-499D-9773-F77575EFE4B8}.Debug|Any CPU.Build.0 = Debug|Any CPU
		{7012269F-E075-499D-9773-F77575EFE4B8}.Release|Any CPU.ActiveCfg = Release|Any CPU
		{7012269F-E075-499D-9773-F77575EFE4B8}.Release|Any CPU.Build.0 = Release|Any CPU
		{0548E9BA-E54B-49E3-9D8B-DDCEF9270475}.Debug|Any CPU.ActiveCfg = Debug|Any CPU
		{0548E9BA-E54B-49E3-9D8B-DDCEF9270475}.Debug|Any CPU.Build.0 = Debug|Any CPU
		{0548E9BA-E54B-49E3-9D8B-DDCEF9270475}.Release|Any CPU.ActiveCfg = Release|Any CPU
		{0548E9BA-E54B-49E3-9D8B-DDCEF9270475}.Release|Any CPU.Build.0 = Release|Any CPU
		{D2D979BC-8595-48E1-9E00-68836C731D84}.Debug|Any CPU.ActiveCfg = Debug|Any CPU
		{D2D979BC-8595-48E1-9E00-68836C731D84}.Debug|Any CPU.Build.0 = Debug|Any CPU
		{D2D979BC-8595-48E1-9E00-68836C731D84}.Release|Any CPU.ActiveCfg = Release|Any CPU
		{D2D979BC-8595-48E1-9E00-68836C731D84}.Release|Any CPU.Build.0 = Release|Any CPU
		{F9FD8CD1-E73D-4E01-8086-124DF46042B8}.Debug|Any CPU.ActiveCfg = Debug|Any CPU
		{F9FD8CD1-E73D-4E01-8086-124DF46042B8}.Debug|Any CPU.Build.0 = Debug|Any CPU
		{F9FD8CD1-E73D-4E01-8086-124DF46042B8}.Release|Any CPU.ActiveCfg = Release|Any CPU
		{F9FD8CD1-E73D-4E01-8086-124DF46042B8}.Release|Any CPU.Build.0 = Release|Any CPU
		{19EC581E-686C-4DCE-B78E-B160484B44DD}.Debug|Any CPU.ActiveCfg = Debug|Any CPU
		{19EC581E-686C-4DCE-B78E-B160484B44DD}.Debug|Any CPU.Build.0 = Debug|Any CPU
		{19EC581E-686C-4DCE-B78E-B160484B44DD}.Release|Any CPU.ActiveCfg = Release|Any CPU
		{19EC581E-686C-4DCE-B78E-B160484B44DD}.Release|Any CPU.Build.0 = Release|Any CPU
		{AB11F250-17BA-4EEF-B0BD-AE99CEFCB9FE}.Debug|Any CPU.ActiveCfg = Debug|Any CPU
		{AB11F250-17BA-4EEF-B0BD-AE99CEFCB9FE}.Debug|Any CPU.Build.0 = Debug|Any CPU
		{AB11F250-17BA-4EEF-B0BD-AE99CEFCB9FE}.Release|Any CPU.ActiveCfg = Release|Any CPU
		{AB11F250-17BA-4EEF-B0BD-AE99CEFCB9FE}.Release|Any CPU.Build.0 = Release|Any CPU
		{FE69A65F-3E77-4325-8500-273D09482E37}.Debug|Any CPU.ActiveCfg = Debug|Any CPU
		{FE69A65F-3E77-4325-8500-273D09482E37}.Debug|Any CPU.Build.0 = Debug|Any CPU
		{FE69A65F-3E77-4325-8500-273D09482E37}.Release|Any CPU.ActiveCfg = Release|Any CPU
		{FE69A65F-3E77-4325-8500-273D09482E37}.Release|Any CPU.Build.0 = Release|Any CPU
		{9F0A31DC-98B0-4C6F-9C4F-AE989A326083}.Debug|Any CPU.ActiveCfg = Debug|Any CPU
		{9F0A31DC-98B0-4C6F-9C4F-AE989A326083}.Debug|Any CPU.Build.0 = Debug|Any CPU
		{9F0A31DC-98B0-4C6F-9C4F-AE989A326083}.Release|Any CPU.ActiveCfg = Release|Any CPU
		{9F0A31DC-98B0-4C6F-9C4F-AE989A326083}.Release|Any CPU.Build.0 = Release|Any CPU
		{A904357B-ED39-4C57-8C06-FC170D8F3131}.Debug|Any CPU.ActiveCfg = Debug|Any CPU
		{A904357B-ED39-4C57-8C06-FC170D8F3131}.Debug|Any CPU.Build.0 = Debug|Any CPU
		{A904357B-ED39-4C57-8C06-FC170D8F3131}.Release|Any CPU.ActiveCfg = Release|Any CPU
		{A904357B-ED39-4C57-8C06-FC170D8F3131}.Release|Any CPU.Build.0 = Release|Any CPU
		{F60E2A0B-A5E3-4937-9A8A-C39F5F39B27E}.Debug|Any CPU.ActiveCfg = Debug|Any CPU
		{F60E2A0B-A5E3-4937-9A8A-C39F5F39B27E}.Debug|Any CPU.Build.0 = Debug|Any CPU
		{F60E2A0B-A5E3-4937-9A8A-C39F5F39B27E}.Release|Any CPU.ActiveCfg = Release|Any CPU
		{F60E2A0B-A5E3-4937-9A8A-C39F5F39B27E}.Release|Any CPU.Build.0 = Release|Any CPU
		{B4D63C51-B5A3-4DEA-993D-6ABE9C538325}.Debug|Any CPU.ActiveCfg = Debug|Any CPU
		{B4D63C51-B5A3-4DEA-993D-6ABE9C538325}.Debug|Any CPU.Build.0 = Debug|Any CPU
		{B4D63C51-B5A3-4DEA-993D-6ABE9C538325}.Release|Any CPU.ActiveCfg = Release|Any CPU
		{B4D63C51-B5A3-4DEA-993D-6ABE9C538325}.Release|Any CPU.Build.0 = Release|Any CPU
		{9BD8B8C1-941F-4CB6-B3E7-FC3C09B58722}.Debug|Any CPU.ActiveCfg = Debug|Any CPU
		{9BD8B8C1-941F-4CB6-B3E7-FC3C09B58722}.Debug|Any CPU.Build.0 = Debug|Any CPU
		{9BD8B8C1-941F-4CB6-B3E7-FC3C09B58722}.Release|Any CPU.ActiveCfg = Release|Any CPU
		{9BD8B8C1-941F-4CB6-B3E7-FC3C09B58722}.Release|Any CPU.Build.0 = Release|Any CPU
		{50609107-7843-407C-B556-B3720D64B85F}.Debug|Any CPU.ActiveCfg = Debug|Any CPU
		{50609107-7843-407C-B556-B3720D64B85F}.Debug|Any CPU.Build.0 = Debug|Any CPU
		{50609107-7843-407C-B556-B3720D64B85F}.Release|Any CPU.ActiveCfg = Release|Any CPU
		{50609107-7843-407C-B556-B3720D64B85F}.Release|Any CPU.Build.0 = Release|Any CPU
		{D5CED1D1-5C89-44CF-B625-91B376492172}.Debug|Any CPU.ActiveCfg = Debug|Any CPU
		{D5CED1D1-5C89-44CF-B625-91B376492172}.Debug|Any CPU.Build.0 = Debug|Any CPU
		{D5CED1D1-5C89-44CF-B625-91B376492172}.Release|Any CPU.ActiveCfg = Release|Any CPU
		{D5CED1D1-5C89-44CF-B625-91B376492172}.Release|Any CPU.Build.0 = Release|Any CPU
		{60346364-A10F-4EBF-AAEE-DEA795BEC6EC}.Debug|Any CPU.ActiveCfg = Debug|Any CPU
		{60346364-A10F-4EBF-AAEE-DEA795BEC6EC}.Debug|Any CPU.Build.0 = Debug|Any CPU
		{60346364-A10F-4EBF-AAEE-DEA795BEC6EC}.Release|Any CPU.ActiveCfg = Release|Any CPU
		{60346364-A10F-4EBF-AAEE-DEA795BEC6EC}.Release|Any CPU.Build.0 = Release|Any CPU
		{2F62A320-2159-491F-9827-5E7E6669F757}.Debug|Any CPU.ActiveCfg = Debug|Any CPU
		{2F62A320-2159-491F-9827-5E7E6669F757}.Debug|Any CPU.Build.0 = Debug|Any CPU
		{2F62A320-2159-491F-9827-5E7E6669F757}.Release|Any CPU.ActiveCfg = Release|Any CPU
		{2F62A320-2159-491F-9827-5E7E6669F757}.Release|Any CPU.Build.0 = Release|Any CPU
		{1A2B3C4D-5E6F-7A8B-9C0D-1E2F3A4B5C6D}.Debug|Any CPU.ActiveCfg = Debug|Any CPU
		{1A2B3C4D-5E6F-7A8B-9C0D-1E2F3A4B5C6D}.Debug|Any CPU.Build.0 = Debug|Any CPU
		{1A2B3C4D-5E6F-7A8B-9C0D-1E2F3A4B5C6D}.Release|Any CPU.ActiveCfg = Release|Any CPU
		{1A2B3C4D-5E6F-7A8B-9C0D-1E2F3A4B5C6D}.Release|Any CPU.Build.0 = Release|Any CPU
		{F4A072E8-3755-41F3-8402-DC03D18144F4}.Debug|Any CPU.ActiveCfg = Debug|Any CPU
		{F4A072E8-3755-41F3-8402-DC03D18144F4}.Debug|Any CPU.Build.0 = Debug|Any CPU
		{F4A072E8-3755-41F3-8402-DC03D18144F4}.Release|Any CPU.ActiveCfg = Release|Any CPU
		{F4A072E8-3755-41F3-8402-DC03D18144F4}.Release|Any CPU.Build.0 = Release|Any CPU
		{AEACC97F-B432-4169-9B1B-145EE67C83FA}.Debug|Any CPU.ActiveCfg = Debug|Any CPU
		{AEACC97F-B432-4169-9B1B-145EE67C83FA}.Debug|Any CPU.Build.0 = Debug|Any CPU
		{AEACC97F-B432-4169-9B1B-145EE67C83FA}.Release|Any CPU.ActiveCfg = Release|Any CPU
		{AEACC97F-B432-4169-9B1B-145EE67C83FA}.Release|Any CPU.Build.0 = Release|Any CPU
		{60C9C247-7B08-466A-AAC6-BE2D8697F4ED}.Debug|Any CPU.ActiveCfg = Debug|Any CPU
		{60C9C247-7B08-466A-AAC6-BE2D8697F4ED}.Debug|Any CPU.Build.0 = Debug|Any CPU
		{60C9C247-7B08-466A-AAC6-BE2D8697F4ED}.Release|Any CPU.ActiveCfg = Release|Any CPU
		{60C9C247-7B08-466A-AAC6-BE2D8697F4ED}.Release|Any CPU.Build.0 = Release|Any CPU
		{0CAB4A81-1018-4684-B246-22C5045793D4}.Debug|Any CPU.ActiveCfg = Debug|Any CPU
		{0CAB4A81-1018-4684-B246-22C5045793D4}.Debug|Any CPU.Build.0 = Debug|Any CPU
		{0CAB4A81-1018-4684-B246-22C5045793D4}.Release|Any CPU.ActiveCfg = Release|Any CPU
		{0CAB4A81-1018-4684-B246-22C5045793D4}.Release|Any CPU.Build.0 = Release|Any CPU
		{93685B35-21FC-4477-AFAF-6E01713F1B70}.Debug|Any CPU.ActiveCfg = Debug|Any CPU
		{93685B35-21FC-4477-AFAF-6E01713F1B70}.Debug|Any CPU.Build.0 = Debug|Any CPU
		{93685B35-21FC-4477-AFAF-6E01713F1B70}.Release|Any CPU.ActiveCfg = Release|Any CPU
		{93685B35-21FC-4477-AFAF-6E01713F1B70}.Release|Any CPU.Build.0 = Release|Any CPU
	EndGlobalSection
	GlobalSection(NestedProjects) = preSolution
		{A326A5EC-9671-4D6D-8B8B-503E6D146E7A} = {81B9C654-3B5F-4587-B481-8B3379AF0617}
		{426E9B10-88E2-42EB-B043-C630CB78EB94} = {A326A5EC-9671-4D6D-8B8B-503E6D146E7A}
		{3051D7F1-28A4-4C08-A690-3A31023E6C64} = {81B9C654-3B5F-4587-B481-8B3379AF0617}
		{60986F0E-CA8B-49F9-BA87-417BA490DEE8} = {3051D7F1-28A4-4C08-A690-3A31023E6C64}
		{AC804AE8-2D77-47E9-93EA-EBD6A1F8C315} = {60986F0E-CA8B-49F9-BA87-417BA490DEE8}
		{B7A29B22-ACF1-4893-9131-34D599BAB759} = {60986F0E-CA8B-49F9-BA87-417BA490DEE8}
		{429FDDB0-5C0B-4269-B09C-E2908FF83FF2} = {60986F0E-CA8B-49F9-BA87-417BA490DEE8}
		{437DC4E8-B3B9-4EE8-8670-52B924E97F62} = {60986F0E-CA8B-49F9-BA87-417BA490DEE8}
		{1978A7DF-1159-4B83-9EE5-753499579295} = {025641F3-C2E7-43A5-8D1F-574DC19798AB}
		{F52C2984-EBC9-4DBE-991B-CF7DA14A13A6} = {025641F3-C2E7-43A5-8D1F-574DC19798AB}
		{F8ABB0CF-89F5-4F1B-B9EA-5C602A370EB4} = {025641F3-C2E7-43A5-8D1F-574DC19798AB}
		{BFC8E23E-B501-4BF6-8F0C-FDCBF9BE4CA5} = {A326A5EC-9671-4D6D-8B8B-503E6D146E7A}
		{D12B0AB3-5375-4C15-87F9-A666220360AF} = {A326A5EC-9671-4D6D-8B8B-503E6D146E7A}
		{9924E771-6073-41C7-B499-E6780C82BE34} = {A326A5EC-9671-4D6D-8B8B-503E6D146E7A}
		{246CDE55-B337-4534-AC2F-27F5BBC4A964} = {3051D7F1-28A4-4C08-A690-3A31023E6C64}
		{09D0A766-D1BF-46E1-9DC1-793CD33D5C62} = {246CDE55-B337-4534-AC2F-27F5BBC4A964}
		{810D6FF2-8759-4B36-8B79-6A1C2CFEC071} = {246CDE55-B337-4534-AC2F-27F5BBC4A964}
		{A9F36135-AB2E-40CB-A0D5-42F31FBAAD43} = {246CDE55-B337-4534-AC2F-27F5BBC4A964}
		{52606B93-8F0E-4C3F-AE49-8B9E83AC7909} = {246CDE55-B337-4534-AC2F-27F5BBC4A964}
		{86E1F5D3-A134-4147-912E-4ECC3D759E26} = {025641F3-C2E7-43A5-8D1F-574DC19798AB}
		{DBB7F3BA-23B1-4AD7-9F85-89E03D3B7DC6} = {025641F3-C2E7-43A5-8D1F-574DC19798AB}
		{036E6ACB-D394-4BFA-9F85-866AAA80CEFB} = {A326A5EC-9671-4D6D-8B8B-503E6D146E7A}
		{D05346B4-E8B2-4A95-A54F-1851CA0ACEA1} = {025641F3-C2E7-43A5-8D1F-574DC19798AB}
		{3CACDB9E-03A9-4C0C-BE27-F4284DF8F87D} = {025641F3-C2E7-43A5-8D1F-574DC19798AB}
		{7D0D486B-0440-457F-9130-BC18384324DE} = {3051D7F1-28A4-4C08-A690-3A31023E6C64}
		{3731E424-3025-4402-88EB-A48D3964F732} = {7D0D486B-0440-457F-9130-BC18384324DE}
		{AA8982DC-4686-424F-9E97-E576FDA1927E} = {7D0D486B-0440-457F-9130-BC18384324DE}
		{42C11F3B-7C3E-4F41-A362-E0A553E62198} = {7D0D486B-0440-457F-9130-BC18384324DE}
		{F109E41E-0C62-4F37-A9B0-FBC89DD2783D} = {025641F3-C2E7-43A5-8D1F-574DC19798AB}
		{9F1393F7-BE3C-4AEE-BD2A-75F86B3B6C4C} = {7D0D486B-0440-457F-9130-BC18384324DE}
		{7012269F-E075-499D-9773-F77575EFE4B8} = {025641F3-C2E7-43A5-8D1F-574DC19798AB}
		{7B989988-89CC-43A6-9865-454F73ACE418} = {C4FFF293-E505-423B-BB3E-EDDC5119718B}
		{0548E9BA-E54B-49E3-9D8B-DDCEF9270475} = {7B989988-89CC-43A6-9865-454F73ACE418}
		{D2D979BC-8595-48E1-9E00-68836C731D84} = {7B989988-89CC-43A6-9865-454F73ACE418}
		{F9FD8CD1-E73D-4E01-8086-124DF46042B8} = {7B989988-89CC-43A6-9865-454F73ACE418}
		{19EC581E-686C-4DCE-B78E-B160484B44DD} = {025641F3-C2E7-43A5-8D1F-574DC19798AB}
		{AB11F250-17BA-4EEF-B0BD-AE99CEFCB9FE} = {025641F3-C2E7-43A5-8D1F-574DC19798AB}
		{FE69A65F-3E77-4325-8500-273D09482E37} = {7B989988-89CC-43A6-9865-454F73ACE418}
		{FC6B34AE-9028-4CD5-9187-155F172A4396} = {3051D7F1-28A4-4C08-A690-3A31023E6C64}
		{9F0A31DC-98B0-4C6F-9C4F-AE989A326083} = {FC6B34AE-9028-4CD5-9187-155F172A4396}
		{A904357B-ED39-4C57-8C06-FC170D8F3131} = {FC6B34AE-9028-4CD5-9187-155F172A4396}
		{F60E2A0B-A5E3-4937-9A8A-C39F5F39B27E} = {025641F3-C2E7-43A5-8D1F-574DC19798AB}
		{B4D63C51-B5A3-4DEA-993D-6ABE9C538325} = {025641F3-C2E7-43A5-8D1F-574DC19798AB}
		{EFF1E51D-52D1-4524-A3A0-1765520EACBA} = {3051D7F1-28A4-4C08-A690-3A31023E6C64}
		{9BD8B8C1-941F-4CB6-B3E7-FC3C09B58722} = {EFF1E51D-52D1-4524-A3A0-1765520EACBA}
		{50609107-7843-407C-B556-B3720D64B85F} = {EFF1E51D-52D1-4524-A3A0-1765520EACBA}
		{D5CED1D1-5C89-44CF-B625-91B376492172} = {EFF1E51D-52D1-4524-A3A0-1765520EACBA}
		{60346364-A10F-4EBF-AAEE-DEA795BEC6EC} = {EFF1E51D-52D1-4524-A3A0-1765520EACBA}
		{2F62A320-2159-491F-9827-5E7E6669F757} = {025641F3-C2E7-43A5-8D1F-574DC19798AB}
		{1A2B3C4D-5E6F-7A8B-9C0D-1E2F3A4B5C6D} = {025641F3-C2E7-43A5-8D1F-574DC19798AB}
		{D2BB05E2-57B1-43EE-9681-1B6265EDD1E9} = {81B9C654-3B5F-4587-B481-8B3379AF0617}
		{F4A072E8-3755-41F3-8402-DC03D18144F4} = {D2BB05E2-57B1-43EE-9681-1B6265EDD1E9}
		{AEACC97F-B432-4169-9B1B-145EE67C83FA} = {025641F3-C2E7-43A5-8D1F-574DC19798AB}
		{60C9C247-7B08-466A-AAC6-BE2D8697F4ED} = {A326A5EC-9671-4D6D-8B8B-503E6D146E7A}
		{0CAB4A81-1018-4684-B246-22C5045793D4} = {025641F3-C2E7-43A5-8D1F-574DC19798AB}
		{93685B35-21FC-4477-AFAF-6E01713F1B70} = {025641F3-C2E7-43A5-8D1F-574DC19798AB}
	EndGlobalSection
EndGlobal
